
Microsoft Visual Studio Solution File, Format Version 12.00
# Visual Studio 15
VisualStudioVersion = 15.0.27703.2018
MinimumVisualStudioVersion = 10.0.40219.1
Project("{F2A71F9B-5D33-465A-A702-920D77279786}") = "SlowTypecheckRepro", "SlowTypecheckRepro\SlowTypecheckRepro.fsproj", "{2464CB28-B78C-4A13-A22A-500CFF85D58D}"
EndProject
Global
	GlobalSection(SolutionConfigurationPlatforms) = preSolution
		Debug|Any CPU = Debug|Any CPU
		Release|Any CPU = Release|Any CPU
	EndGlobalSection
	GlobalSection(ProjectConfigurationPlatforms) = postSolution
		{2464CB28-B78C-4A13-A22A-500CFF85D58D}.Debug|Any CPU.ActiveCfg = Debug|Any CPU
		{2464CB28-B78C-4A13-A22A-500CFF85D58D}.Debug|Any CPU.Build.0 = Debug|Any CPU
		{2464CB28-B78C-4A13-A22A-500CFF85D58D}.Release|Any CPU.ActiveCfg = Release|Any CPU
		{2464CB28-B78C-4A13-A22A-500CFF85D58D}.Release|Any CPU.Build.0 = Release|Any CPU
	EndGlobalSection
	GlobalSection(SolutionProperties) = preSolution
		HideSolutionNode = FALSE
	EndGlobalSection
	GlobalSection(ExtensibilityGlobals) = postSolution
		SolutionGuid = {A029531F-7557-4CF9-AC99-0487F950CC16}
	EndGlobalSection
EndGlobal
